[{<<"base32">>,
  {git,"https://github.com/aetrion/base32_erlang.git",
       {ref,"40431a7480176b24863e18b92d9872e54c714df5"}},
  1},
 {<<"cowboy">>,
  {git,"https://github.com/extend/cowboy",
       {ref,"90ae31998e8d0887b9efe4b441136ac047708bb9"}},
  2},
 {<<"cowlib">>,
  {git,"https://github.com/ninenines/cowlib.git",
       {ref,"14e597baa42a436469f99661ed7994685e269dc2"}},
  2},
 {<<"dns">>,
  {git,"https://github.com/aetrion/dns_erlang.git",
       {ref,"30cb9acfe76d84a175353bca6f1f7c1bea41acd4"}},
  0},
 {<<"goldrush">>,
  {git,"git://github.com/DeadZen/goldrush.git",
       {ref,"71e63212f12c25827e0c1b4198d37d5d018a7fec"}},
  4},
 {<<"gun">>,
  {git,"https://github.com/ninenines/gun.git",
       {ref,"427230d6f94f5b8a396fd504a73d73d1d65ab0a7"}},
  2},
 {<<"jsx">>,
  {git,"https://github.com/talentdeficit/jsx.git",
       {ref,"46f246dc3ab45fa3229993855a0d720dd2254d4c"}},
  3},
 {<<"lager">>,
  {git,"https://github.com/basho/lager.git",
       {ref,"d33ccf3b69de09a628fe38b4d7981bb8671b8a4f"}},
  3},
 {<<"nkdocker">>,
  {git,"https://github.com/Nekso/nkdocker.git",
       {ref,"f0fc3f866ecf9ded00c3eaaef2402afefc56f77f"}},
  0},
 {<<"nklib">>,
  {git,"https://github.com/nekso/nklib.git",
       {ref,"180a22603e1c43b4146f9f90d6a37330a76939aa"}},
  2},
 {<<"nkpacket">>,
  {git,"http://github.com/nekso/nkpacket.git",
       {ref,"b2869f68060f779da56f63d0ff5e8c58a011d32c"}},
  1},
 {<<"ranch">>,
  {git,"https://github.com/ninenines/ranch.git",
       {ref,"741bfb73ca663394ecf7a73410506d66f01985a6"}},
  2},
 {<<"recon">>,
  {git,"https://github.com/ferd/recon.git",
       {ref,"8913f36f12d6040307aa75f596bbf9ad3f6888a3"}},
  0}].
