{"1.2.0",
[{<<"base32">>,{pkg,<<"base32">>,<<"1.0.0">>},1},
 {<<"cowlib">>,{pkg,<<"cowlib">>,<<"2.16.0">>},1},
 {<<"dns_erlang">>,{pkg,<<"dns_erlang">>,<<"5.0.11">>},0},
 {<<"gun">>,{pkg,<<"gun">>,<<"2.2.0">>},0},
 {<<"riak_dt">>,
  {git,"https://github.com/OpenRiak/riak_dt.git",
       {ref,"72b9bce98623a15a4d5dec73fd5be17de73a55b7"}},
  0},
 {<<"swim">>,
  {git,"https://github.com/ctbarbour/swim.git",
       {ref,"74b75fb323e7ac639613b46b10173c7adf97526d"}},
  0}]}.
[
{pkg_hash,[
 {<<"base32">>, <<"1AB331F812FCC254C8F7D4348E1E5A6F2B9B32B7A260BF2BC3358E3BF14C841A">>},
 {<<"cowlib">>, <<"54592074EBBBB92EE4746C8A8846E5605052F29309D3A873468D76CDF932076F">>},
 {<<"dns_erlang">>, <<"D38826798DBC7FDED251B7D09B7746ABC7B53A9FC47A6DF9BB40639D67DE0363">>},
 {<<"gun">>, <<"B8F6B7D417E277D4C2B0DC3C07DFDF892447B087F1CC1CAFF9C0F556B884E33D">>}]},
{pkg_hash_ext,[
 {<<"base32">>, <<"0449285348ED0C4CD83C7198E76C5FD5A0451C4EF18695B9FD43792A503E551A">>},
 {<<"cowlib">>, <<"7F478D80D66B747344F0EA7708C187645CFCC08B11AA424632F78E25BF05DB51">>},
 {<<"dns_erlang">>, <<"7332D839E0E30CE2F0F8808F3F110896877D66B23EF4CA193527B002A59DAF15">>},
 {<<"gun">>, <<"76022700C64287FEB4DF93A1795CFF6741B83FB37415C40C34C38D2A4645261A">>}]}
].
