[{<<"base32">>,
  {git,"https://github.com/aetrion/base32_erlang.git",
       {ref,"40431a7480176b24863e18b92d9872e54c714df5"}},
  1},
 {<<"cowboy">>,
  {git,"git://github.com/extend/cowboy",
       {ref,"90ae31998e8d0887b9efe4b441136ac047708bb9"}},
  2},
 {<<"cowlib">>,
  {git,"git://github.com/ninenines/cowlib.git",
       {ref,"14e597baa42a436469f99661ed7994685e269dc2"}},
  2},
 {<<"dns">>,
  {git,"https://github.com/barbct5/dns_erlang.git",
       {ref,"0fbbf6c8119aace4fa8cf41f76900d7af82f3d28"}},
  0},
 {<<"goldrush">>,
  {git,"git://github.com/DeadZen/goldrush.git",
       {ref,"71e63212f12c25827e0c1b4198d37d5d018a7fec"}},
  4},
 {<<"gun">>,
  {git,"https://github.com/ninenines/gun.git",
       {ref,"d88f3675dba9e066ef339789d8c223358f744aac"}},
  2},
 {<<"jsx">>,
  {git,"https://github.com/talentdeficit/jsx.git",
       {ref,"46f246dc3ab45fa3229993855a0d720dd2254d4c"}},
  3},
 {<<"lager">>,
  {git,"https://github.com/basho/lager.git",
       {ref,"d33ccf3b69de09a628fe38b4d7981bb8671b8a4f"}},
  3},
 {<<"nkdocker">>,
  {git,"https://github.com/Nekso/nkdocker.git",
       {ref,"68c84deabfd94eed840c5b3e9b585e05dcf51f43"}},
  0},
 {<<"nklib">>,
  {git,"https://github.com/nekso/nklib.git",
       {ref,"d9bbdf689ea3234f503c8a6123c16f37f56b073a"}},
  2},
 {<<"nkpacket">>,
  {git,"http://github.com/nekso/nkpacket.git",
       {ref,"8031a4761dc023520739cb871e10deea82fa6d8a"}},
  1},
 {<<"ranch">>,
  {git,"git://github.com/ninenines/ranch.git",
       {ref,"741bfb73ca663394ecf7a73410506d66f01985a6"}},
  2},
 {<<"recon">>,
  {git,"https://github.com/ferd/recon.git",
       {ref,"8913f36f12d6040307aa75f596bbf9ad3f6888a3"}},
  0},
 {<<"riak_dt">>,
  {git,"https://github.com/basho/riak_dt.git",
       {ref,"a2986bccd1cc42facdfe739495c6d13762ae0f37"}},
  0},
 {<<"swim">>,
  {git,"https://github.com/barbct5/swim.git",
       {ref,"eedbf49d2332d5fe6f1b5db07819826ecfdc4edc"}},
  0}].
